
Microsoft Visual Studio Solution File, Format Version 12.00
# Visual Studio Version 17
VisualStudioVersion = 17.3.32804.467
MinimumVisualStudioVersion = 10.0.40219.1
Project("{9A19103F-16F7-4668-BE54-9A1E7A4F7556}") = "GS_GreenCycle", "GS_GreenCycle.csproj", "{FEB0687C-472C-4C73-A1FF-B630DD2FC2F6}"
EndProject
Global
	GlobalSection(SolutionConfigurationPlatforms) = preSolution
		Debug|Any CPU = Debug|Any CPU
		Release|Any CPU = Release|Any CPU
	EndGlobalSection
	GlobalSection(ProjectConfigurationPlatforms) = postSolution
		{FEB0687C-472C-4C73-A1FF-B630DD2FC2F6}.Debug|Any CPU.ActiveCfg = Debug|Any CPU
		{FEB0687C-472C-4C73-A1FF-B630DD2FC2F6}.Debug|Any CPU.Build.0 = Debug|Any CPU
		{FEB0687C-472C-4C73-A1FF-B630DD2FC2F6}.Release|Any CPU.ActiveCfg = Release|Any CPU
		{FEB0687C-472C-4C73-A1FF-B630DD2FC2F6}.Release|Any CPU.Build.0 = Release|Any CPU
	EndGlobalSection
	GlobalSection(SolutionProperties) = preSolution
		HideSolutionNode = FALSE
	EndGlobalSection
	GlobalSection(ExtensibilityGlobals) = postSolution
		SolutionGuid = {CA5A8191-AE39-48C9-81AF-AB889A041B19}
	EndGlobalSection
EndGlobal
